Microsoft Visual Studio Solution File, Format Version 12.00
# Visual Studio 2012
Project("{FAE04EC0-301F-11D3-BF4B-00C04F79EFBC}") = "GodotModules", "GodotModules.csproj", "{7CEDC3E5-9743-41D8-AB67-C911DBF2A548}"
EndProject
Global
	GlobalSection(SolutionConfigurationPlatforms) = preSolution
	Debug|Any CPU = Debug|Any CPU
	ExportDebug|Any CPU = ExportDebug|Any CPU
	ExportRelease|Any CPU = ExportRelease|Any CPU
	EndGlobalSection
	GlobalSection(ProjectConfigurationPlatforms) = postSolution
		{7CEDC3E5-9743-41D8-AB67-C911DBF2A548}.Debug|Any CPU.ActiveCfg = Debug|Any CPU
		{7CEDC3E5-9743-41D8-AB67-C911DBF2A548}.Debug|Any CPU.Build.0 = Debug|Any CPU
		{7CEDC3E5-9743-41D8-AB67-C911DBF2A548}.ExportDebug|Any CPU.ActiveCfg = ExportDebug|Any CPU
		{7CEDC3E5-9743-41D8-AB67-C911DBF2A548}.ExportDebug|Any CPU.Build.0 = ExportDebug|Any CPU
		{7CEDC3E5-9743-41D8-AB67-C911DBF2A548}.ExportRelease|Any CPU.ActiveCfg = ExportRelease|Any CPU
		{7CEDC3E5-9743-41D8-AB67-C911DBF2A548}.ExportRelease|Any CPU.Build.0 = ExportRelease|Any CPU
	EndGlobalSection
EndGlobal
