Microsoft Visual Studio Solution File, Format Version 12.00
# Visual Studio 2012
Project("{FAE04EC0-301F-11D3-BF4B-00C04F79EFBC}") = "LuaModdingTest", "LuaModdingTest.csproj", "{FA3359C0-6BC5-4F1B-9DD1-6D6C50C375D8}"
EndProject
Global
	GlobalSection(SolutionConfigurationPlatforms) = preSolution
	Debug|Any CPU = Debug|Any CPU
	ExportDebug|Any CPU = ExportDebug|Any CPU
	ExportRelease|Any CPU = ExportRelease|Any CPU
	EndGlobalSection
	GlobalSection(ProjectConfigurationPlatforms) = postSolution
		{FA3359C0-6BC5-4F1B-9DD1-6D6C50C375D8}.Debug|Any CPU.ActiveCfg = Debug|Any CPU
		{FA3359C0-6BC5-4F1B-9DD1-6D6C50C375D8}.Debug|Any CPU.Build.0 = Debug|Any CPU
		{FA3359C0-6BC5-4F1B-9DD1-6D6C50C375D8}.ExportDebug|Any CPU.ActiveCfg = ExportDebug|Any CPU
		{FA3359C0-6BC5-4F1B-9DD1-6D6C50C375D8}.ExportDebug|Any CPU.Build.0 = ExportDebug|Any CPU
		{FA3359C0-6BC5-4F1B-9DD1-6D6C50C375D8}.ExportRelease|Any CPU.ActiveCfg = ExportRelease|Any CPU
		{FA3359C0-6BC5-4F1B-9DD1-6D6C50C375D8}.ExportRelease|Any CPU.Build.0 = ExportRelease|Any CPU
	EndGlobalSection
EndGlobal
